
Microsoft Visual Studio Solution File, Format Version 12.00
# Visual Studio 15
VisualStudioVersion = 15.0.28307.168
MinimumVisualStudioVersion = 10.0.40219.1
Project("{159641D6-6404-4A2A-AE62-294DE0FE8301}") = "SSIS Tutorial", "SSIS Tutorial.dtproj", "{D943E2F0-F4F7-41AB-B5EC-A8CCCE2BA214}"
EndProject
Global
	GlobalSection(SolutionConfigurationPlatforms) = preSolution
		Development|Default = Development|Default
	EndGlobalSection
	GlobalSection(ProjectConfigurationPlatforms) = postSolution
		{D943E2F0-F4F7-41AB-B5EC-A8CCCE2BA214}.Development|Default.ActiveCfg = Development
		{D943E2F0-F4F7-41AB-B5EC-A8CCCE2BA214}.Development|Default.Build.0 = Development
	EndGlobalSection
	GlobalSection(SolutionProperties) = preSolution
		HideSolutionNode = FALSE
	EndGlobalSection
	GlobalSection(ExtensibilityGlobals) = postSolution
		SolutionGuid = {12332198-109F-4555-82DB-3888990E11AD}
	EndGlobalSection
EndGlobal
